
Microsoft Visual Studio Solution File, Format Version 12.00
# Visual Studio Version 16
VisualStudioVersion = 16.0.30114.105
MinimumVisualStudioVersion = 10.0.40219.1
Project("{9A19103F-16F7-4668-BE54-9A1E7A4F7556}") = "RJCP.Environment", "Environment\RJCP.Environment.csproj", "{C5539D81-64C8-4019-9C0E-A5FAED61E77F}"
EndProject
Project("{9A19103F-16F7-4668-BE54-9A1E7A4F7556}") = "RJCP.EnvironmentTest", "EnvironmentTest\RJCP.EnvironmentTest.csproj", "{27ECEAE5-2026-417F-9AE9-29D64A939BA4}"
EndProject
Global
	GlobalSection(SolutionConfigurationPlatforms) = preSolution
		Debug|Any CPU = Debug|Any CPU
		Release|Any CPU = Release|Any CPU
	EndGlobalSection
	GlobalSection(ProjectConfigurationPlatforms) = postSolution
		{C5539D81-64C8-4019-9C0E-A5FAED61E77F}.Debug|Any CPU.ActiveCfg = Debug|Any CPU
		{C5539D81-64C8-4019-9C0E-A5FAED61E77F}.Debug|Any CPU.Build.0 = Debug|Any CPU
		{C5539D81-64C8-4019-9C0E-A5FAED61E77F}.Release|Any CPU.ActiveCfg = Release|Any CPU
		{C5539D81-64C8-4019-9C0E-A5FAED61E77F}.Release|Any CPU.Build.0 = Release|Any CPU
		{27ECEAE5-2026-417F-9AE9-29D64A939BA4}.Debug|Any CPU.ActiveCfg = Debug|Any CPU
		{27ECEAE5-2026-417F-9AE9-29D64A939BA4}.Debug|Any CPU.Build.0 = Debug|Any CPU
		{27ECEAE5-2026-417F-9AE9-29D64A939BA4}.Release|Any CPU.ActiveCfg = Release|Any CPU
		{27ECEAE5-2026-417F-9AE9-29D64A939BA4}.Release|Any CPU.Build.0 = Release|Any CPU
	EndGlobalSection
	GlobalSection(SolutionProperties) = preSolution
		HideSolutionNode = FALSE
	EndGlobalSection
	GlobalSection(ExtensibilityGlobals) = postSolution
		SolutionGuid = {00623736-8F1C-4C80-949B-64320DA7C268}
	EndGlobalSection
EndGlobal
