
Microsoft Visual Studio Solution File, Format Version 12.00
# Visual Studio Version 17
VisualStudioVersion = 17.6.33723.286
MinimumVisualStudioVersion = 10.0.40219.1
Project("{2150E333-8FDC-42A3-9474-1A3956D46DE8}") = "Test", "Test", "{EC8036B2-EEED-4088-AC7A-270ABF37DAEC}"
EndProject
Project("{9A19103F-16F7-4668-BE54-9A1E7A4F7556}") = "RJCP.Core.SysCompatTest", "SysCompatTest\RJCP.Core.SysCompatTest.csproj", "{19FB3322-85CE-4DA7-8F62-ADFC9CA53B05}"
EndProject
Project("{9A19103F-16F7-4668-BE54-9A1E7A4F7556}") = "RJCP.Core.SysCompatTest.Legacy", "SysCompatTest\RJCP.Core.SysCompatTest.Legacy.csproj", "{6D4129F8-1F9A-46C8-BBB7-52B232BBC0FB}"
EndProject
Project("{9A19103F-16F7-4668-BE54-9A1E7A4F7556}") = "RJCP.CSharp.Init", "SysCSharpInit\RJCP.CSharp.Init.csproj", "{1E96ECF0-727A-42F0-9158-F209E1944D69}"
EndProject
Project("{9A19103F-16F7-4668-BE54-9A1E7A4F7556}") = "RJCP.CSharp.InitTest", "SysCSharpInitTest\RJCP.CSharp.InitTest.csproj", "{9B0F1EE6-325F-47A3-96A4-5D4756AABF06}"
EndProject
Project("{9A19103F-16F7-4668-BE54-9A1E7A4F7556}") = "RJCP.Environment.VersionTest", "Environment.VersionTest\RJCP.Environment.VersionTest.csproj", "{61E53E9C-5E21-42C2-8302-CDF890913253}"
EndProject
Project("{9A19103F-16F7-4668-BE54-9A1E7A4F7556}") = "RJCP.Environment.VersionTest.Legacy", "Environment.VersionTest\RJCP.Environment.VersionTest.Legacy.csproj", "{A03482F2-6BFD-4D42-9067-17B617D6152D}"
EndProject
Project("{9A19103F-16F7-4668-BE54-9A1E7A4F7556}") = "RJCP.EnvironmentTest", "EnvironmentTest\RJCP.EnvironmentTest.csproj", "{27ECEAE5-2026-417F-9AE9-29D64A939BA4}"
EndProject
Project("{9A19103F-16F7-4668-BE54-9A1E7A4F7556}") = "RJCP.EnvironmentTest.Legacy", "EnvironmentTest\RJCP.EnvironmentTest.Legacy.csproj", "{79B72C44-9A70-49DE-B6B8-4048EEA53A39}"
EndProject
Project("{2150E333-8FDC-42A3-9474-1A3956D46DE8}") = "Tools", "Tools", "{D0DC3C57-960B-4B20-A6CC-9C21E87B3E1B}"
EndProject
Project("{9A19103F-16F7-4668-BE54-9A1E7A4F7556}") = "NetVersion", "NetVersion\NetVersion.csproj", "{A97A8416-BB08-4611-9EC7-EF5DA7EBA11B}"
EndProject
Project("{9A19103F-16F7-4668-BE54-9A1E7A4F7556}") = "WinVersion", "WinVersion\WinVersion.csproj", "{D7155948-57A0-4BEF-8BB0-C11A24BC27D4}"
EndProject
Project("{9A19103F-16F7-4668-BE54-9A1E7A4F7556}") = "RJCP.Core.SysCompat", "SysCompat\RJCP.Core.SysCompat.csproj", "{6613C927-718A-452F-84AE-33D9FD9B45F3}"
EndProject
Project("{9A19103F-16F7-4668-BE54-9A1E7A4F7556}") = "RJCP.Environment", "Environment\RJCP.Environment.csproj", "{C5539D81-64C8-4019-9C0E-A5FAED61E77F}"
EndProject
Project("{9A19103F-16F7-4668-BE54-9A1E7A4F7556}") = "RJCP.Environment.Version", "EnvironmentVersion\RJCP.Environment.Version.csproj", "{860BA936-6C7B-43C9-9F7B-3EC1F9B96A54}"
EndProject
Global
	GlobalSection(SolutionConfigurationPlatforms) = preSolution
		Debug|Any CPU = Debug|Any CPU
		Release|Any CPU = Release|Any CPU
	EndGlobalSection
	GlobalSection(ProjectConfigurationPlatforms) = postSolution
		{19FB3322-85CE-4DA7-8F62-ADFC9CA53B05}.Debug|Any CPU.ActiveCfg = Debug|Any CPU
		{19FB3322-85CE-4DA7-8F62-ADFC9CA53B05}.Debug|Any CPU.Build.0 = Debug|Any CPU
		{19FB3322-85CE-4DA7-8F62-ADFC9CA53B05}.Release|Any CPU.ActiveCfg = Release|Any CPU
		{19FB3322-85CE-4DA7-8F62-ADFC9CA53B05}.Release|Any CPU.Build.0 = Release|Any CPU
		{6D4129F8-1F9A-46C8-BBB7-52B232BBC0FB}.Debug|Any CPU.ActiveCfg = Debug|Any CPU
		{6D4129F8-1F9A-46C8-BBB7-52B232BBC0FB}.Debug|Any CPU.Build.0 = Debug|Any CPU
		{6D4129F8-1F9A-46C8-BBB7-52B232BBC0FB}.Release|Any CPU.ActiveCfg = Release|Any CPU
		{6D4129F8-1F9A-46C8-BBB7-52B232BBC0FB}.Release|Any CPU.Build.0 = Release|Any CPU
		{1E96ECF0-727A-42F0-9158-F209E1944D69}.Debug|Any CPU.ActiveCfg = Debug|Any CPU
		{1E96ECF0-727A-42F0-9158-F209E1944D69}.Debug|Any CPU.Build.0 = Debug|Any CPU
		{1E96ECF0-727A-42F0-9158-F209E1944D69}.Release|Any CPU.ActiveCfg = Release|Any CPU
		{1E96ECF0-727A-42F0-9158-F209E1944D69}.Release|Any CPU.Build.0 = Release|Any CPU
		{9B0F1EE6-325F-47A3-96A4-5D4756AABF06}.Debug|Any CPU.ActiveCfg = Debug|Any CPU
		{9B0F1EE6-325F-47A3-96A4-5D4756AABF06}.Debug|Any CPU.Build.0 = Debug|Any CPU
		{9B0F1EE6-325F-47A3-96A4-5D4756AABF06}.Release|Any CPU.ActiveCfg = Release|Any CPU
		{9B0F1EE6-325F-47A3-96A4-5D4756AABF06}.Release|Any CPU.Build.0 = Release|Any CPU
		{61E53E9C-5E21-42C2-8302-CDF890913253}.Debug|Any CPU.ActiveCfg = Debug|Any CPU
		{61E53E9C-5E21-42C2-8302-CDF890913253}.Debug|Any CPU.Build.0 = Debug|Any CPU
		{61E53E9C-5E21-42C2-8302-CDF890913253}.Release|Any CPU.ActiveCfg = Release|Any CPU
		{61E53E9C-5E21-42C2-8302-CDF890913253}.Release|Any CPU.Build.0 = Release|Any CPU
		{A03482F2-6BFD-4D42-9067-17B617D6152D}.Debug|Any CPU.ActiveCfg = Debug|Any CPU
		{A03482F2-6BFD-4D42-9067-17B617D6152D}.Debug|Any CPU.Build.0 = Debug|Any CPU
		{A03482F2-6BFD-4D42-9067-17B617D6152D}.Release|Any CPU.ActiveCfg = Release|Any CPU
		{A03482F2-6BFD-4D42-9067-17B617D6152D}.Release|Any CPU.Build.0 = Release|Any CPU
		{27ECEAE5-2026-417F-9AE9-29D64A939BA4}.Debug|Any CPU.ActiveCfg = Debug|Any CPU
		{27ECEAE5-2026-417F-9AE9-29D64A939BA4}.Debug|Any CPU.Build.0 = Debug|Any CPU
		{27ECEAE5-2026-417F-9AE9-29D64A939BA4}.Release|Any CPU.ActiveCfg = Release|Any CPU
		{27ECEAE5-2026-417F-9AE9-29D64A939BA4}.Release|Any CPU.Build.0 = Release|Any CPU
		{79B72C44-9A70-49DE-B6B8-4048EEA53A39}.Debug|Any CPU.ActiveCfg = Debug|Any CPU
		{79B72C44-9A70-49DE-B6B8-4048EEA53A39}.Debug|Any CPU.Build.0 = Debug|Any CPU
		{79B72C44-9A70-49DE-B6B8-4048EEA53A39}.Release|Any CPU.ActiveCfg = Release|Any CPU
		{79B72C44-9A70-49DE-B6B8-4048EEA53A39}.Release|Any CPU.Build.0 = Release|Any CPU
		{A97A8416-BB08-4611-9EC7-EF5DA7EBA11B}.Debug|Any CPU.ActiveCfg = Debug|Any CPU
		{A97A8416-BB08-4611-9EC7-EF5DA7EBA11B}.Debug|Any CPU.Build.0 = Debug|Any CPU
		{A97A8416-BB08-4611-9EC7-EF5DA7EBA11B}.Release|Any CPU.ActiveCfg = Release|Any CPU
		{A97A8416-BB08-4611-9EC7-EF5DA7EBA11B}.Release|Any CPU.Build.0 = Release|Any CPU
		{D7155948-57A0-4BEF-8BB0-C11A24BC27D4}.Debug|Any CPU.ActiveCfg = Debug|Any CPU
		{D7155948-57A0-4BEF-8BB0-C11A24BC27D4}.Debug|Any CPU.Build.0 = Debug|Any CPU
		{D7155948-57A0-4BEF-8BB0-C11A24BC27D4}.Release|Any CPU.ActiveCfg = Release|Any CPU
		{D7155948-57A0-4BEF-8BB0-C11A24BC27D4}.Release|Any CPU.Build.0 = Release|Any CPU
		{6613C927-718A-452F-84AE-33D9FD9B45F3}.Debug|Any CPU.ActiveCfg = Debug|Any CPU
		{6613C927-718A-452F-84AE-33D9FD9B45F3}.Debug|Any CPU.Build.0 = Debug|Any CPU
		{6613C927-718A-452F-84AE-33D9FD9B45F3}.Release|Any CPU.ActiveCfg = Release|Any CPU
		{6613C927-718A-452F-84AE-33D9FD9B45F3}.Release|Any CPU.Build.0 = Release|Any CPU
		{C5539D81-64C8-4019-9C0E-A5FAED61E77F}.Debug|Any CPU.ActiveCfg = Debug|Any CPU
		{C5539D81-64C8-4019-9C0E-A5FAED61E77F}.Debug|Any CPU.Build.0 = Debug|Any CPU
		{C5539D81-64C8-4019-9C0E-A5FAED61E77F}.Release|Any CPU.ActiveCfg = Release|Any CPU
		{C5539D81-64C8-4019-9C0E-A5FAED61E77F}.Release|Any CPU.Build.0 = Release|Any CPU
		{860BA936-6C7B-43C9-9F7B-3EC1F9B96A54}.Debug|Any CPU.ActiveCfg = Debug|Any CPU
		{860BA936-6C7B-43C9-9F7B-3EC1F9B96A54}.Debug|Any CPU.Build.0 = Debug|Any CPU
		{860BA936-6C7B-43C9-9F7B-3EC1F9B96A54}.Release|Any CPU.ActiveCfg = Release|Any CPU
		{860BA936-6C7B-43C9-9F7B-3EC1F9B96A54}.Release|Any CPU.Build.0 = Release|Any CPU
	EndGlobalSection
	GlobalSection(SolutionProperties) = preSolution
		HideSolutionNode = FALSE
	EndGlobalSection
	GlobalSection(NestedProjects) = preSolution
		{19FB3322-85CE-4DA7-8F62-ADFC9CA53B05} = {EC8036B2-EEED-4088-AC7A-270ABF37DAEC}
		{6D4129F8-1F9A-46C8-BBB7-52B232BBC0FB} = {EC8036B2-EEED-4088-AC7A-270ABF37DAEC}
		{1E96ECF0-727A-42F0-9158-F209E1944D69} = {EC8036B2-EEED-4088-AC7A-270ABF37DAEC}
		{9B0F1EE6-325F-47A3-96A4-5D4756AABF06} = {EC8036B2-EEED-4088-AC7A-270ABF37DAEC}
		{61E53E9C-5E21-42C2-8302-CDF890913253} = {EC8036B2-EEED-4088-AC7A-270ABF37DAEC}
		{A03482F2-6BFD-4D42-9067-17B617D6152D} = {EC8036B2-EEED-4088-AC7A-270ABF37DAEC}
		{27ECEAE5-2026-417F-9AE9-29D64A939BA4} = {EC8036B2-EEED-4088-AC7A-270ABF37DAEC}
		{79B72C44-9A70-49DE-B6B8-4048EEA53A39} = {EC8036B2-EEED-4088-AC7A-270ABF37DAEC}
		{A97A8416-BB08-4611-9EC7-EF5DA7EBA11B} = {D0DC3C57-960B-4B20-A6CC-9C21E87B3E1B}
		{D7155948-57A0-4BEF-8BB0-C11A24BC27D4} = {D0DC3C57-960B-4B20-A6CC-9C21E87B3E1B}
	EndGlobalSection
	GlobalSection(ExtensibilityGlobals) = postSolution
		SolutionGuid = {00623736-8F1C-4C80-949B-64320DA7C268}
	EndGlobalSection
EndGlobal
