
Microsoft Visual Studio Solution File, Format Version 12.00
# Visual Studio Version 17
VisualStudioVersion = 17.14.36109.1
MinimumVisualStudioVersion = 10.0.40219.1
Project("{8BC9CEB8-8B4A-11D0-8D11-00A0C91BC942}") = "WinVersionApiQuery", "WinVersionApiQuery\WinVersionApiQuery.vcxproj", "{C159E090-74A4-4B60-9130-B72165667CE1}"
EndProject
Global
	GlobalSection(SolutionConfigurationPlatforms) = preSolution
		Debug|x64 = Debug|x64
		Debug|x86 = Debug|x86
		DebugXP|x64 = DebugXP|x64
		DebugXP|x86 = DebugXP|x86
		Release|x64 = Release|x64
		Release|x86 = Release|x86
		ReleaseXP|x64 = ReleaseXP|x64
		ReleaseXP|x86 = ReleaseXP|x86
	EndGlobalSection
	GlobalSection(ProjectConfigurationPlatforms) = postSolution
		{C159E090-74A4-4B60-9130-B72165667CE1}.Debug|x64.ActiveCfg = Debug|x64
		{C159E090-74A4-4B60-9130-B72165667CE1}.Debug|x64.Build.0 = Debug|x64
		{C159E090-74A4-4B60-9130-B72165667CE1}.Debug|x86.ActiveCfg = Debug|Win32
		{C159E090-74A4-4B60-9130-B72165667CE1}.Debug|x86.Build.0 = Debug|Win32
		{C159E090-74A4-4B60-9130-B72165667CE1}.DebugXP|x64.ActiveCfg = DebugXP|x64
		{C159E090-74A4-4B60-9130-B72165667CE1}.DebugXP|x64.Build.0 = DebugXP|x64
		{C159E090-74A4-4B60-9130-B72165667CE1}.DebugXP|x86.ActiveCfg = DebugXP|Win32
		{C159E090-74A4-4B60-9130-B72165667CE1}.DebugXP|x86.Build.0 = DebugXP|Win32
		{C159E090-74A4-4B60-9130-B72165667CE1}.Release|x64.ActiveCfg = Release|x64
		{C159E090-74A4-4B60-9130-B72165667CE1}.Release|x64.Build.0 = Release|x64
		{C159E090-74A4-4B60-9130-B72165667CE1}.Release|x86.ActiveCfg = Release|Win32
		{C159E090-74A4-4B60-9130-B72165667CE1}.Release|x86.Build.0 = Release|Win32
		{C159E090-74A4-4B60-9130-B72165667CE1}.ReleaseXP|x64.ActiveCfg = ReleaseXP|x64
		{C159E090-74A4-4B60-9130-B72165667CE1}.ReleaseXP|x64.Build.0 = ReleaseXP|x64
		{C159E090-74A4-4B60-9130-B72165667CE1}.ReleaseXP|x86.ActiveCfg = ReleaseXP|Win32
		{C159E090-74A4-4B60-9130-B72165667CE1}.ReleaseXP|x86.Build.0 = ReleaseXP|Win32
	EndGlobalSection
	GlobalSection(SolutionProperties) = preSolution
		HideSolutionNode = FALSE
	EndGlobalSection
	GlobalSection(ExtensibilityGlobals) = postSolution
		SolutionGuid = {46D21496-AF95-4721-84E6-6D5152568CB6}
	EndGlobalSection
EndGlobal
